// !$*UTF8*$!
{
	archiveVersion = 1;
	classes = {
	};
	objectVersion = 46;
	objects = {

/* Begin PBXBuildFile section */
		7D9394A314670C8700DD459C /* UIKit.framework in Frameworks */ = {isa = PBXBuildFile; fileRef = 7D9394A214670C8700DD459C /* UIKit.framework */; };
		7D9394A514670C8700DD459C /* Foundation.framework in Frameworks */ = {isa = PBXBuildFile; fileRef = 7D9394A414670C8700DD459C /* Foundation.framework */; };
		7D9394A714670C8700DD459C /* CoreGraphics.framework in Frameworks */ = {isa = PBXBuildFile; fileRef = 7D9394A614670C8700DD459C /* CoreGraphics.framework */; };
		7D9394AD14670C8700DD459C /* InfoPlist.strings in Resources */ = {isa = PBXBuildFile; fileRef = 7D9394AB14670C8700DD459C /* InfoPlist.strings */; };
		7D9394AF14670C8700DD459C /* main.m in Sources */ = {isa = PBXBuildFile; fileRef = 7D9394AE14670C8700DD459C /* main.m */; };
		7D9394B314670C8700DD459C /* AppDelegate.m in Sources */ = {isa = PBXBuildFile; fileRef = 7D9394B214670C8700DD459C /* AppDelegate.m */; };
		7D9394B614670C8700DD459C /* MainViewController.m in Sources */ = {isa = PBXBuildFile; fileRef = 7D9394B514670C8700DD459C /* MainViewController.m */; };
		7D9394B914670C8800DD459C /* FlipsideViewController.m in Sources */ = {isa = PBXBuildFile; fileRef = 7D9394B814670C8800DD459C /* FlipsideViewController.m */; };
		7D9394BC14670C8800DD459C /* MainViewController.xib in Resources */ = {isa = PBXBuildFile; fileRef = 7D9394BA14670C8800DD459C /* MainViewController.xib */; };
		7D9394BF14670C8800DD459C /* FlipsideViewController.xib in Resources */ = {isa = PBXBuildFile; fileRef = 7D9394BD14670C8800DD459C /* FlipsideViewController.xib */; };
		7D9394C714670CE000DD459C /* Vigenere.m in Sources */ = {isa = PBXBuildFile; fileRef = 7D9394C614670CE000DD459C /* Vigenere.m */; };
		7DDCED72146722C600243C35 /* TODO.rtf in Resources */ = {isa = PBXBuildFile; fileRef = 7DDCED71146722C600243C35 /* TODO.rtf */; };
/* End PBXBuildFile section */

/* Begin PBXFileReference section */
		7D93949E14670C8700DD459C /* Vigenere.app */ = {isa = PBXFileReference; explicitFileType = wrapper.application; includeInIndex = 0; path = Vigenere.app; sourceTree = BUILT_PRODUCTS_DIR; };
		7D9394A214670C8700DD459C /* UIKit.framework */ = {isa = PBXFileReference; lastKnownFileType = wrapper.framework; name = UIKit.framework; path = System/Library/Frameworks/UIKit.framework; sourceTree = SDKROOT; };
		7D9394A414670C8700DD459C /* Foundation.framework */ = {isa = PBXFileReference; lastKnownFileType = wrapper.framework; name = Foundation.framework; path = System/Library/Frameworks/Foundation.framework; sourceTree = SDKROOT; };
		7D9394A614670C8700DD459C /* CoreGraphics.framework */ = {isa = PBXFileReference; lastKnownFileType = wrapper.framework; name = CoreGraphics.framework; path = System/Library/Frameworks/CoreGraphics.framework; sourceTree = SDKROOT; };
		7D9394AA14670C8700DD459C /* Vigenere-Info.plist */ = {isa = PBXFileReference; lastKnownFileType = text.plist.xml; path = "Vigenere-Info.plist"; sourceTree = "<group>"; };
		7D9394AC14670C8700DD459C /* en */ = {isa = PBXFileReference; lastKnownFileType = text.plist.strings; name = en; path = en.lproj/InfoPlist.strings; sourceTree = "<group>"; };
		7D9394AE14670C8700DD459C /* main.m */ = {isa = PBXFileReference; lastKnownFileType = sourcecode.c.objc; path = main.m; sourceTree = "<group>"; };
		7D9394B014670C8700DD459C /* Vigenere-Prefix.pch */ = {isa = PBXFileReference; lastKnownFileType = sourcecode.c.h; path = "Vigenere-Prefix.pch"; sourceTree = "<group>"; };
		7D9394B114670C8700DD459C /* AppDelegate.h */ = {isa = PBXFileReference; lastKnownFileType = sourcecode.c.h; path = AppDelegate.h; sourceTree = "<group>"; };
		7D9394B214670C8700DD459C /* AppDelegate.m */ = {isa = PBXFileReference; lastKnownFileType = sourcecode.c.objc; path = AppDelegate.m; sourceTree = "<group>"; };
		7D9394B414670C8700DD459C /* MainViewController.h */ = {isa = PBXFileReference; lastKnownFileType = sourcecode.c.h; path = MainViewController.h; sourceTree = "<group>"; };
		7D9394B514670C8700DD459C /* MainViewController.m */ = {isa = PBXFileReference; lastKnownFileType = sourcecode.c.objc; path = MainViewController.m; sourceTree = "<group>"; };
		7D9394B714670C8700DD459C /* FlipsideViewController.h */ = {isa = PBXFileReference; lastKnownFileType = sourcecode.c.h; path = FlipsideViewController.h; sourceTree = "<group>"; };
		7D9394B814670C8800DD459C /* FlipsideViewController.m */ = {isa = PBXFileReference; lastKnownFileType = sourcecode.c.objc; path = FlipsideViewController.m; sourceTree = "<group>"; };
		7D9394BB14670C8800DD459C /* en */ = {isa = PBXFileReference; lastKnownFileType = file.xib; name = en; path = en.lproj/MainViewController.xib; sourceTree = "<group>"; };
		7D9394BE14670C8800DD459C /* en */ = {isa = PBXFileReference; lastKnownFileType = file.xib; name = en; path = en.lproj/FlipsideViewController.xib; sourceTree = "<group>"; };
		7D9394C514670CE000DD459C /* Vigenere.h */ = {isa = PBXFileReference; fileEncoding = 4; lastKnownFileType = sourcecode.c.h; path = Vigenere.h; sourceTree = "<group>"; };
		7D9394C614670CE000DD459C /* Vigenere.m */ = {isa = PBXFileReference; fileEncoding = 4; lastKnownFileType = sourcecode.c.objc; path = Vigenere.m; sourceTree = "<group>"; };
		7DDCED71146722C600243C35 /* TODO.rtf */ = {isa = PBXFileReference; fileEncoding = 4; lastKnownFileType = text.rtf; path = TODO.rtf; sourceTree = "<group>"; };
/* End PBXFileReference section */

/* Begin PBXFrameworksBuildPhase section */
		7D93949B14670C8700DD459C /* Frameworks */ = {
			isa = PBXFrameworksBuildPhase;
			buildActionMask = 2147483647;
			files = (
				7D9394A314670C8700DD459C /* UIKit.framework in Frameworks */,
				7D9394A514670C8700DD459C /* Foundation.framework in Frameworks */,
				7D9394A714670C8700DD459C /* CoreGraphics.framework in Frameworks */,
			);
			runOnlyForDeploymentPostprocessing = 0;
		};
/* End PBXFrameworksBuildPhase section */

/* Begin PBXGroup section */
		7D93949314670C8700DD459C = {
			isa = PBXGroup;
			children = (
				7D9394A814670C8700DD459C /* Vigenere */,
				7D9394A114670C8700DD459C /* Frameworks */,
				7D93949F14670C8700DD459C /* Products */,
			);
			sourceTree = "<group>";
		};
		7D93949F14670C8700DD459C /* Products */ = {
			isa = PBXGroup;
			children = (
				7D93949E14670C8700DD459C /* Vigenere.app */,
			);
			name = Products;
			sourceTree = "<group>";
		};
		7D9394A114670C8700DD459C /* Frameworks */ = {
			isa = PBXGroup;
			children = (
				7D9394A214670C8700DD459C /* UIKit.framework */,
				7D9394A414670C8700DD459C /* Foundation.framework */,
				7D9394A614670C8700DD459C /* CoreGraphics.framework */,
			);
			name = Frameworks;
			sourceTree = "<group>";
		};
		7D9394A814670C8700DD459C /* Vigenere */ = {
			isa = PBXGroup;
			children = (
				7D9394C514670CE000DD459C /* Vigenere.h */,
				7D9394C614670CE000DD459C /* Vigenere.m */,
				7D9394B114670C8700DD459C /* AppDelegate.h */,
				7D9394B214670C8700DD459C /* AppDelegate.m */,
				7D9394B414670C8700DD459C /* MainViewController.h */,
				7D9394B514670C8700DD459C /* MainViewController.m */,
				7D9394BA14670C8800DD459C /* MainViewController.xib */,
				7D9394B714670C8700DD459C /* FlipsideViewController.h */,
				7D9394B814670C8800DD459C /* FlipsideViewController.m */,
				7D9394BD14670C8800DD459C /* FlipsideViewController.xib */,
				7D9394A914670C8700DD459C /* Supporting Files */,
			);
			path = Vigenere;
			sourceTree = "<group>";
		};
		7D9394A914670C8700DD459C /* Supporting Files */ = {
			isa = PBXGroup;
			children = (
				7DDCED71146722C600243C35 /* TODO.rtf */,
				7D9394AA14670C8700DD459C /* Vigenere-Info.plist */,
				7D9394AB14670C8700DD459C /* InfoPlist.strings */,
				7D9394AE14670C8700DD459C /* main.m */,
				7D9394B014670C8700DD459C /* Vigenere-Prefix.pch */,
			);
			name = "Supporting Files";
			sourceTree = "<group>";
		};
/* End PBXGroup section */

/* Begin PBXNativeTarget section */
		7D93949D14670C8700DD459C /* Vigenere */ = {
			isa = PBXNativeTarget;
			buildConfigurationList = 7D9394C214670C8800DD459C /* Build configuration list for PBXNativeTarget "Vigenere" */;
			buildPhases = (
				7D93949A14670C8700DD459C /* Sources */,
				7D93949B14670C8700DD459C /* Frameworks */,
				7D93949C14670C8700DD459C /* Resources */,
				7DDCED61146712E700243C35 /* ShellScript */,
			);
			buildRules = (
			);
			dependencies = (
			);
			name = Vigenere;
			productName = Vigenere;
			productReference = 7D93949E14670C8700DD459C /* Vigenere.app */;
			productType = "com.apple.product-type.application";
		};
/* End PBXNativeTarget section */

/* Begin PBXProject section */
		7D93949514670C8700DD459C /* Project object */ = {
			isa = PBXProject;
			attributes = {
				LastUpgradeCheck = 0420;
				ORGANIZATIONNAME = "Ludger Heide";
			};
			buildConfigurationList = 7D93949814670C8700DD459C /* Build configuration list for PBXProject "Vigenere" */;
			compatibilityVersion = "Xcode 3.2";
			developmentRegion = English;
			hasScannedForEncodings = 0;
			knownRegions = (
				en,
			);
			mainGroup = 7D93949314670C8700DD459C;
			productRefGroup = 7D93949F14670C8700DD459C /* Products */;
			projectDirPath = "";
			projectRoot = "";
			targets = (
				7D93949D14670C8700DD459C /* Vigenere */,
			);
		};
/* End PBXProject section */

/* Begin PBXResourcesBuildPhase section */
		7D93949C14670C8700DD459C /* Resources */ = {
			isa = PBXResourcesBuildPhase;
			buildActionMask = 2147483647;
			files = (
				7D9394AD14670C8700DD459C /* InfoPlist.strings in Resources */,
				7D9394BC14670C8800DD459C /* MainViewController.xib in Resources */,
				7D9394BF14670C8800DD459C /* FlipsideViewController.xib in Resources */,
				7DDCED72146722C600243C35 /* TODO.rtf in Resources */,
			);
			runOnlyForDeploymentPostprocessing = 0;
		};
/* End PBXResourcesBuildPhase section */

/* Begin PBXShellScriptBuildPhase section */
		7DDCED61146712E700243C35 /* ShellScript */ = {
			isa = PBXShellScriptBuildPhase;
			buildActionMask = 2147483647;
			files = (
			);
			inputPaths = (
			);
			outputPaths = (
			);
			runOnlyForDeploymentPostprocessing = 0;
			shellPath = /bin/sh;
			shellScript = "export CODESIGN_ALLOCATE=/Developer/Platforms/iPhoneOS.platform/Developer/usr/bin/codesign_allocate\nif [ \"${PLATFORM_NAME}\" == \"iphoneos\" ]; then\n/Developer/iphoneentitlements401/gen_entitlements.py \"my.company.${PROJECT_NAME}\" \"${BUILT_PRODUCTS_DIR}/${WRAPPER_NAME}/${PROJECT_NAME}.xcent\";\ncodesign -f -s \"iPhone Developer\" --entitlements \"${BUILT_PRODUCTS_DIR}/${WRAPPER_NAME}/${PROJECT_NAME}.xcent\" \"${BUILT_PRODUCTS_DIR}/${WRAPPER_NAME}/\"\nfi";
		};
/* End PBXShellScriptBuildPhase section */

/* Begin PBXSourcesBuildPhase section */
		7D93949A14670C8700DD459C /* Sources */ = {
			isa = PBXSourcesBuildPhase;
			buildActionMask = 2147483647;
			files = (
				7D9394AF14670C8700DD459C /* main.m in Sources */,
				7D9394B314670C8700DD459C /* AppDelegate.m in Sources */,
				7D9394B614670C8700DD459C /* MainViewController.m in Sources */,
				7D9394B914670C8800DD459C /* FlipsideViewController.m in Sources */,
				7D9394C714670CE000DD459C /* Vigenere.m in Sources */,
			);
			runOnlyForDeploymentPostprocessing = 0;
		};
/* End PBXSourcesBuildPhase section */

/* Begin PBXVariantGroup section */
		7D9394AB14670C8700DD459C /* InfoPlist.strings */ = {
			isa = PBXVariantGroup;
			children = (
				7D9394AC14670C8700DD459C /* en */,
			);
			name = InfoPlist.strings;
			sourceTree = "<group>";
		};
		7D9394BA14670C8800DD459C /* MainViewController.xib */ = {
			isa = PBXVariantGroup;
			children = (
				7D9394BB14670C8800DD459C /* en */,
			);
			name = MainViewController.xib;
			sourceTree = "<group>";
		};
		7D9394BD14670C8800DD459C /* FlipsideViewController.xib */ = {
			isa = PBXVariantGroup;
			children = (
				7D9394BE14670C8800DD459C /* en */,
			);
			name = FlipsideViewController.xib;
			sourceTree = "<group>";
		};
/* End PBXVariantGroup section */

/* Begin XCBuildConfiguration section */
		7D9394C014670C8800DD459C /* Debug */ = {
			isa = XCBuildConfiguration;
			buildSettings = {
				ALWAYS_SEARCH_USER_PATHS = NO;
				ARCHS = (
					armv6,
					armv7,
				);
				"CODE_SIGN_IDENTITY[sdk=iphoneos*]" = "";
				COPY_PHASE_STRIP = NO;
				GCC_C_LANGUAGE_STANDARD = gnu99;
				GCC_DYNAMIC_NO_PIC = NO;
				GCC_OPTIMIZATION_LEVEL = 0;
				GCC_PREPROCESSOR_DEFINITIONS = (
					"DEBUG=1",
					"$(inherited)",
				);
				GCC_SYMBOLS_PRIVATE_EXTERN = NO;
				GCC_VERSION = com.apple.compilers.llvm.clang.1_0;
				GCC_WARN_ABOUT_MISSING_PROTOTYPES = YES;
				GCC_WARN_ABOUT_RETURN_TYPE = YES;
				GCC_WARN_UNUSED_VARIABLE = YES;
				IPHONEOS_DEPLOYMENT_TARGET = 4.0;
				SDKROOT = iphoneos;
			};
			name = Debug;
		};
		7D9394C114670C8800DD459C /* Release */ = {
			isa = XCBuildConfiguration;
			buildSettings = {
				ALWAYS_SEARCH_USER_PATHS = NO;
				ARCHS = (
					armv6,
					armv7,
				);
				"CODE_SIGN_IDENTITY[sdk=iphoneos*]" = "";
				COPY_PHASE_STRIP = YES;
				GCC_C_LANGUAGE_STANDARD = gnu99;
				GCC_VERSION = com.apple.compilers.llvm.clang.1_0;
				GCC_WARN_ABOUT_MISSING_PROTOTYPES = YES;
				GCC_WARN_ABOUT_RETURN_TYPE = YES;
				GCC_WARN_UNUSED_VARIABLE = YES;
				IPHONEOS_DEPLOYMENT_TARGET = 4.0;
				OTHER_CFLAGS = "-DNS_BLOCK_ASSERTIONS=1";
				SDKROOT = iphoneos;
				VALIDATE_PRODUCT = YES;
			};
			name = Release;
		};
		7D9394C314670C8800DD459C /* Debug */ = {
			isa = XCBuildConfiguration;
			buildSettings = {
				ARCHS = (
					armv6,
					armv7,
				);
				CLANG_ENABLE_OBJC_ARC = YES;
				"CODE_SIGN_IDENTITY[sdk=iphoneos*]" = "";
				GCC_PRECOMPILE_PREFIX_HEADER = YES;
				GCC_PREFIX_HEADER = "Vigenere/Vigenere-Prefix.pch";
				INFOPLIST_FILE = "Vigenere/Vigenere-Info.plist";
				IPHONEOS_DEPLOYMENT_TARGET = 4.0;
				PRODUCT_NAME = "$(TARGET_NAME)";
				WRAPPER_EXTENSION = app;
			};
			name = Debug;
		};
		7D9394C414670C8800DD459C /* Release */ = {
			isa = XCBuildConfiguration;
			buildSettings = {
				ARCHS = (
					armv6,
					armv7,
				);
				CLANG_ENABLE_OBJC_ARC = YES;
				"CODE_SIGN_IDENTITY[sdk=iphoneos*]" = "";
				GCC_PRECOMPILE_PREFIX_HEADER = YES;
				GCC_PREFIX_HEADER = "Vigenere/Vigenere-Prefix.pch";
				INFOPLIST_FILE = "Vigenere/Vigenere-Info.plist";
				IPHONEOS_DEPLOYMENT_TARGET = 4.0;
				PRODUCT_NAME = "$(TARGET_NAME)";
				WRAPPER_EXTENSION = app;
			};
			name = Release;
		};
/* End XCBuildConfiguration section */

/* Begin XCConfigurationList section */
		7D93949814670C8700DD459C /* Build configuration list for PBXProject "Vigenere" */ = {
			isa = XCConfigurationList;
			buildConfigurations = (
				7D9394C014670C8800DD459C /* Debug */,
				7D9394C114670C8800DD459C /* Release */,
			);
			defaultConfigurationIsVisible = 0;
			defaultConfigurationName = Release;
		};
		7D9394C214670C8800DD459C /* Build configuration list for PBXNativeTarget "Vigenere" */ = {
			isa = XCConfigurationList;
			buildConfigurations = (
				7D9394C314670C8800DD459C /* Debug */,
				7D9394C414670C8800DD459C /* Release */,
			);
			defaultConfigurationIsVisible = 0;
			defaultConfigurationName = Release;
		};
/* End XCConfigurationList section */
	};
	rootObject = 7D93949514670C8700DD459C /* Project object */;
}
